{
  "version": 4,
  "terraform_version": "1.5.4",
  "serial": 64,
  "lineage": "09007388-6fc6-bd64-92ec-41d2c2013843",
  "outputs": {
    "a360_instance_public_ip": {
      "value": "65.2.136.194",
      "type": "string"
    },
    "cip_instance_public_ip": {
      "value": "43.205.141.12",
      "type": "string"
    },
    "private_key_pem": {
      "value": "-----BEGIN RSA PRIVATE KEY-----\nMIIEpAIBAAKCAQEAzsFVp6SEwgZ6A7yaP7jX84x9UlfAVwWw2sxutX4h9uweEhY2\nr4InC1UrvjzY5xcSAbjSnB/pu5mAZy4CR+f4nPgRDwa19OxbUsKlOeOr2iyoLqgd\nHSvNVFwGuZI1NKJNWdnT7Es8cd6Kf8TylGBgOBqtchcE/mJ0s4nHnGnPIUfIWqwp\nNos9cnomFXb8Cpg7w6ZM9w7JZpxH5qgE6noY4Da6JxBtNRe4yUpXHasKO4YxkqX3\n4pft5VIKlJ/iov+pxSFnTmBEsS1Zk1MMMMfuDJcicBlgh+FXbP7nGKbdcMlBWGIA\nXbcByuVgbfzhBytfB3qMV+nM1XNGQJOI13MbYwIDAQABAoIBAEGY840p1Hkexu2S\nlDntco6yHzzV3I9/nbn9rI5mw23tQiko5RbQK4Ub87H66jJ/jlX/hsrEEUtVC3kx\nDsYzohxjVD45OdfIeb0LRpLUWjzxeDa9XedYc1/1hqiv67OUXwhH5UYOJNJX8gdR\nvEk5Pq3uQON2zD3NjQs9hphota/v3XGdLPC5oCXQwvfa+hy1y0ui6Futaqbuzgiy\nMkRlFMqjS/NACac4OpE/UMDvAo/SJ0J9Y/GEwhPTswXAwu9uYEhPERfd75R6OuEN\nVMGGHGJflOrNCuJ+kBxRHihs0HnkSsiynQ7MxNY2KIMpcm0dOYFzrP7u+3Vw2jk4\nLkS7bYECgYEA6HsJ5ixHkFJMbdXW8FTGv0DSYqkG9lmtqgpVUXQt62OeLZ0BIH9n\nprFJWn2C7eaD4FlMyIfDmnCYKGI379F8qfJgsdaKmhB1qaODG5hge3ifY2defxVV\nn9oyliGC+QFI/IhNq6+6wRzceOe7TihDIBQ4lbj4O3W1eLSRvMoggSMCgYEA46wK\nJG8g1dkKu24BKXJ5RaHD0uFn8FkvnHm9RdFjeClUceoUdaGPM2ENKchIq1xZtKim\n1JSskFGHgWIkRjEY01gvJB2KDdTcSTQN3ueugBP/u6fsKzaeWYl/9vi0QxrZBDmc\nkHLRGqk+27akZMGJFIDEhl3KJyFEb92Box3DQMECgYBXS8RG0v+4WL7sS2zfZ+YN\ncOjPNUsw/DGy9RhecrK/ffOqixcePdkNBetWeGTOsk140+96KUiw2HC6UU9R1Sbr\npeDbRoVbHq0gGw8jMI+iLYQkTm90Zu11DfkK2OCWYf4nHYOU4XLOCula2SFDUukJ\nxa4Nwpwrr6KKBbvn2TplYwKBgQCVkToAgXkCw9lHFJdy0R9WXVU2Ppp3zT93/ooX\nSd2c3Rn61BqoxIA88q8hGdCTstHD21/uG9XZ4ZWxq/XEnxB+F1qw0S8WsxYciTPr\nkiyTO5AvibufD/yrOad1aiGSTBrxqZ9vTd6NM052LOCGyJXzgDybQRZC6pn5G33E\n2RKigQKBgQC+Omdz/oIAfK4XYNUeXsNjJuFVjddBc18WHRPVtEBC3JeBgAMzLtUb\nMWQCis/su3/4bFf9WBjDyC5u0XKEmfheqBkvMWAQY/XHqRiWPK36mr1p5H5wP4K8\n7uYVOefADH39Ri5Wsq1Cb+ZvdBuHwemg/AB9zA4+nllYPKJ1/2NEsw==\n-----END RSA PRIVATE KEY-----\n",
      "type": "string",
      "sensitive": true
    }
  },
  "resources": [
    {
      "mode": "managed",
      "type": "aws_instance",
      "name": "a360",
      "provider": "provider[\"registry.terraform.io/hashicorp/aws\"]",
      "instances": [
        {
          "schema_version": 1,
          "attributes": {
            "ami": "ami-008b85aa3ff5c1b02",
            "arn": "arn:aws:ec2:ap-south-1:711232805542:instance/i-0cee0942823bc3f7d",
            "associate_public_ip_address": true,
            "availability_zone": "ap-south-1c",
            "capacity_reservation_specification": [
              {
                "capacity_reservation_preference": "open",
                "capacity_reservation_target": []
              }
            ],
            "cpu_core_count": 4,
            "cpu_options": [
              {
                "amd_sev_snp": "",
                "core_count": 4,
                "threads_per_core": 2
              }
            ],
            "cpu_threads_per_core": 2,
            "credit_specification": [],
            "disable_api_stop": false,
            "disable_api_termination": false,
            "ebs_block_device": [],
            "ebs_optimized": false,
            "enclave_options": [
              {
                "enabled": false
              }
            ],
            "ephemeral_block_device": [],
            "get_password_data": false,
            "hibernation": false,
            "host_id": "",
            "host_resource_group_arn": null,
            "iam_instance_profile": "",
            "id": "i-0cee0942823bc3f7d",
            "instance_initiated_shutdown_behavior": "stop",
            "instance_lifecycle": "",
            "instance_market_options": [],
            "instance_state": "running",
            "instance_type": "r6i.2xlarge",
            "ipv6_address_count": 0,
            "ipv6_addresses": [],
            "key_name": "aws-cip-key",
            "launch_template": [],
            "maintenance_options": [
              {
                "auto_recovery": "default"
              }
            ],
            "metadata_options": [
              {
                "http_endpoint": "enabled",
                "http_protocol_ipv6": "disabled",
                "http_put_response_hop_limit": 1,
                "http_tokens": "optional",
                "instance_metadata_tags": "disabled"
              }
            ],
            "monitoring": false,
            "network_interface": [],
            "outpost_arn": "",
            "password_data": "",
            "placement_group": "",
            "placement_partition_number": 0,
            "primary_network_interface_id": "eni-0e11e95cdddf52806",
            "private_dns": "ip-172-31-29-226.ap-south-1.compute.internal",
            "private_dns_name_options": [
              {
                "enable_resource_name_dns_a_record": false,
                "enable_resource_name_dns_aaaa_record": false,
                "hostname_type": "ip-name"
              }
            ],
            "private_ip": "172.31.29.226",
            "public_dns": "ec2-65-2-136-194.ap-south-1.compute.amazonaws.com",
            "public_ip": "65.2.136.194",
            "root_block_device": [
              {
                "delete_on_termination": true,
                "device_name": "/dev/sda1",
                "encrypted": false,
                "iops": 120,
                "kms_key_id": "",
                "tags": null,
                "throughput": 0,
                "volume_id": "vol-074461b9482e29d7a",
                "volume_size": 40,
                "volume_type": "gp2"
              }
            ],
            "secondary_private_ips": [],
            "security_groups": [
              "act360"
            ],
            "source_dest_check": true,
            "spot_instance_request_id": "",
            "subnet_id": "subnet-0378544d62b6ec042",
            "tags": {
              "Name": "a360-instance",
              "hostname": "skuad-abinitio-aws"
            },
            "tags_all": {
              "Name": "a360-instance",
              "hostname": "skuad-abinitio-aws"
            },
            "tenancy": "default",
            "timeouts": null,
            "user_data": null,
            "user_data_base64": null,
            "user_data_replace_on_change": false,
            "volume_tags": null,
            "vpc_security_group_ids": [
              "sg-0e4ab0e4e456f1b29"
            ]
          },
          "sensitive_attributes": [],
          "private": "eyJlMmJmYjczMC1lY2FhLTExZTYtOGY4OC0zNDM2M2JjN2M0YzAiOnsiY3JlYXRlIjo2MDAwMDAwMDAwMDAsImRlbGV0ZSI6MTIwMDAwMDAwMDAwMCwidXBkYXRlIjo2MDAwMDAwMDAwMDB9LCJzY2hlbWFfdmVyc2lvbiI6IjEifQ==",
          "dependencies": [
            "aws_key_pair.aws-cip-key",
            "aws_security_group.act360",
            "tls_private_key.new_key"
          ]
        }
      ]
    },
    {
      "mode": "managed",
      "type": "aws_instance",
      "name": "cip",
      "provider": "provider[\"registry.terraform.io/hashicorp/aws\"]",
      "instances": [
        {
          "schema_version": 1,
          "attributes": {
            "ami": "ami-008b85aa3ff5c1b02",
            "arn": "arn:aws:ec2:ap-south-1:711232805542:instance/i-0dffd212f46e9f93a",
            "associate_public_ip_address": true,
            "availability_zone": "ap-south-1c",
            "capacity_reservation_specification": [
              {
                "capacity_reservation_preference": "open",
                "capacity_reservation_target": []
              }
            ],
            "cpu_core_count": 4,
            "cpu_options": [
              {
                "amd_sev_snp": "",
                "core_count": 4,
                "threads_per_core": 2
              }
            ],
            "cpu_threads_per_core": 2,
            "credit_specification": [],
            "disable_api_stop": false,
            "disable_api_termination": false,
            "ebs_block_device": [],
            "ebs_optimized": false,
            "enclave_options": [
              {
                "enabled": false
              }
            ],
            "ephemeral_block_device": [],
            "get_password_data": false,
            "hibernation": false,
            "host_id": "",
            "host_resource_group_arn": null,
            "iam_instance_profile": "",
            "id": "i-0dffd212f46e9f93a",
            "instance_initiated_shutdown_behavior": "stop",
            "instance_lifecycle": "",
            "instance_market_options": [],
            "instance_state": "running",
            "instance_type": "r6i.2xlarge",
            "ipv6_address_count": 0,
            "ipv6_addresses": [],
            "key_name": "aws-cip-key",
            "launch_template": [],
            "maintenance_options": [
              {
                "auto_recovery": "default"
              }
            ],
            "metadata_options": [
              {
                "http_endpoint": "enabled",
                "http_protocol_ipv6": "disabled",
                "http_put_response_hop_limit": 1,
                "http_tokens": "optional",
                "instance_metadata_tags": "disabled"
              }
            ],
            "monitoring": false,
            "network_interface": [],
            "outpost_arn": "",
            "password_data": "",
            "placement_group": "",
            "placement_partition_number": 0,
            "primary_network_interface_id": "eni-0a3f64c2a173e3274",
            "private_dns": "ip-172-31-25-203.ap-south-1.compute.internal",
            "private_dns_name_options": [
              {
                "enable_resource_name_dns_a_record": false,
                "enable_resource_name_dns_aaaa_record": false,
                "hostname_type": "ip-name"
              }
            ],
            "private_ip": "172.31.25.203",
            "public_dns": "ec2-43-205-141-12.ap-south-1.compute.amazonaws.com",
            "public_ip": "43.205.141.12",
            "root_block_device": [
              {
                "delete_on_termination": true,
                "device_name": "/dev/sda1",
                "encrypted": false,
                "iops": 100,
                "kms_key_id": "",
                "tags": null,
                "throughput": 0,
                "volume_id": "vol-0a484065c035f30d5",
                "volume_size": 30,
                "volume_type": "gp2"
              }
            ],
            "secondary_private_ips": [],
            "security_groups": [
              "cip"
            ],
            "source_dest_check": true,
            "spot_instance_request_id": "",
            "subnet_id": "subnet-0378544d62b6ec042",
            "tags": {
              "Name": "cip-instance",
              "hostname": "skuad-abinitio-aws"
            },
            "tags_all": {
              "Name": "cip-instance",
              "hostname": "skuad-abinitio-aws"
            },
            "tenancy": "default",
            "timeouts": null,
            "user_data": null,
            "user_data_base64": null,
            "user_data_replace_on_change": false,
            "volume_tags": null,
            "vpc_security_group_ids": [
              "sg-047a22f219819a3c5"
            ]
          },
          "sensitive_attributes": [],
          "private": "eyJlMmJmYjczMC1lY2FhLTExZTYtOGY4OC0zNDM2M2JjN2M0YzAiOnsiY3JlYXRlIjo2MDAwMDAwMDAwMDAsImRlbGV0ZSI6MTIwMDAwMDAwMDAwMCwidXBkYXRlIjo2MDAwMDAwMDAwMDB9LCJzY2hlbWFfdmVyc2lvbiI6IjEifQ==",
          "dependencies": [
            "aws_key_pair.aws-cip-key",
            "aws_security_group.cip",
            "tls_private_key.new_key"
          ]
        }
      ]
    },
    {
      "mode": "managed",
      "type": "aws_key_pair",
      "name": "aws-cip-key",
      "provider": "provider[\"registry.terraform.io/hashicorp/aws\"]",
      "instances": [
        {
          "schema_version": 1,
          "attributes": {
            "arn": "arn:aws:ec2:ap-south-1:711232805542:key-pair/aws-cip-key",
            "fingerprint": "a9:30:e9:7a:ed:70:b9:6a:ff:7c:3c:10:5f:77:21:cc",
            "id": "aws-cip-key",
            "key_name": "aws-cip-key",
            "key_name_prefix": "",
            "key_pair_id": "key-0041b70f7d4429db8",
            "key_type": "rsa",
            "public_key": "ssh-rsa AAAAB3NzaC1yc2EAAAADAQABAAABAQDOwVWnpITCBnoDvJo/uNfzjH1SV8BXBbDazG61fiH27B4SFjavgicLVSu+PNjnFxIBuNKcH+m7mYBnLgJH5/ic+BEPBrX07FtSwqU546vaLKguqB0dK81UXAa5kjU0ok1Z2dPsSzxx3op/xPKUYGA4Gq1yFwT+YnSzicecac8hR8harCk2iz1yeiYVdvwKmDvDpkz3DslmnEfmqATqehjgNronEG01F7jJSlcdqwo7hjGSpffil+3lUgqUn+Ki/6nFIWdOYESxLVmTUwwwx+4MlyJwGWCH4Vds/ucYpt1wyUFYYgBdtwHK5WBt/OEHK18HeoxX6czVc0ZAk4jXcxtj",
            "tags": null,
            "tags_all": {}
          },
          "sensitive_attributes": [],
          "private": "eyJzY2hlbWFfdmVyc2lvbiI6IjEifQ==",
          "dependencies": [
            "tls_private_key.new_key"
          ]
        }
      ]
    },
    {
      "mode": "managed",
      "type": "aws_security_group",
      "name": "act360",
      "provider": "provider[\"registry.terraform.io/hashicorp/aws\"]",
      "instances": [
        {
          "schema_version": 1,
          "attributes": {
            "arn": "arn:aws:ec2:ap-south-1:711232805542:security-group/sg-0e4ab0e4e456f1b29",
            "description": "Allow TCP inbound traffic",
            "egress": [],
            "id": "sg-0e4ab0e4e456f1b29",
            "ingress": [
              {
                "cidr_blocks": [
                  "0.0.0.0/0"
                ],
                "description": "",
                "from_port": 22,
                "ipv6_cidr_blocks": [],
                "prefix_list_ids": [],
                "protocol": "tcp",
                "security_groups": [],
                "self": false,
                "to_port": 22
              },
              {
                "cidr_blocks": [
                  "0.0.0.0/0"
                ],
                "description": "",
                "from_port": 29000,
                "ipv6_cidr_blocks": [],
                "prefix_list_ids": [],
                "protocol": "tcp",
                "security_groups": [],
                "self": false,
                "to_port": 29092
              }
            ],
            "name": "act360",
            "name_prefix": "",
            "owner_id": "711232805542",
            "revoke_rules_on_delete": false,
            "tags": null,
            "tags_all": {},
            "timeouts": null,
            "vpc_id": "vpc-078fa95dfe1f51f60"
          },
          "sensitive_attributes": [],
          "private": "eyJlMmJmYjczMC1lY2FhLTExZTYtOGY4OC0zNDM2M2JjN2M0YzAiOnsiY3JlYXRlIjo2MDAwMDAwMDAwMDAsImRlbGV0ZSI6OTAwMDAwMDAwMDAwfSwic2NoZW1hX3ZlcnNpb24iOiIxIn0="
        }
      ]
    },
    {
      "mode": "managed",
      "type": "aws_security_group",
      "name": "cip",
      "provider": "provider[\"registry.terraform.io/hashicorp/aws\"]",
      "instances": [
        {
          "schema_version": 1,
          "attributes": {
            "arn": "arn:aws:ec2:ap-south-1:711232805542:security-group/sg-047a22f219819a3c5",
            "description": "Allow TCP inbound traffic",
            "egress": [],
            "id": "sg-047a22f219819a3c5",
            "ingress": [
              {
                "cidr_blocks": [
                  "0.0.0.0/0"
                ],
                "description": "",
                "from_port": 22,
                "ipv6_cidr_blocks": [],
                "prefix_list_ids": [],
                "protocol": "tcp",
                "security_groups": [],
                "self": false,
                "to_port": 22
              },
              {
                "cidr_blocks": [
                  "0.0.0.0/0"
                ],
                "description": "",
                "from_port": 6461,
                "ipv6_cidr_blocks": [],
                "prefix_list_ids": [],
                "protocol": "tcp",
                "security_groups": [],
                "self": false,
                "to_port": 6461
              },
              {
                "cidr_blocks": [
                  "0.0.0.0/0"
                ],
                "description": "",
                "from_port": 6761,
                "ipv6_cidr_blocks": [],
                "prefix_list_ids": [],
                "protocol": "tcp",
                "security_groups": [],
                "self": false,
                "to_port": 6761
              },
              {
                "cidr_blocks": [
                  "0.0.0.0/0"
                ],
                "description": "",
                "from_port": 6961,
                "ipv6_cidr_blocks": [],
                "prefix_list_ids": [],
                "protocol": "tcp",
                "security_groups": [],
                "self": false,
                "to_port": 6961
              }
            ],
            "name": "cip",
            "name_prefix": "",
            "owner_id": "711232805542",
            "revoke_rules_on_delete": false,
            "tags": null,
            "tags_all": {},
            "timeouts": null,
            "vpc_id": "vpc-078fa95dfe1f51f60"
          },
          "sensitive_attributes": [],
          "private": "eyJlMmJmYjczMC1lY2FhLTExZTYtOGY4OC0zNDM2M2JjN2M0YzAiOnsiY3JlYXRlIjo2MDAwMDAwMDAwMDAsImRlbGV0ZSI6OTAwMDAwMDAwMDAwfSwic2NoZW1hX3ZlcnNpb24iOiIxIn0="
        }
      ]
    },
    {
      "mode": "managed",
      "type": "aws_security_group_rule",
      "name": "a360_allow_all_egress",
      "provider": "provider[\"registry.terraform.io/hashicorp/aws\"]",
      "instances": [
        {
          "schema_version": 2,
          "attributes": {
            "cidr_blocks": [
              "0.0.0.0/0"
            ],
            "description": null,
            "from_port": 0,
            "id": "sgrule-3098177355",
            "ipv6_cidr_blocks": null,
            "prefix_list_ids": null,
            "protocol": "-1",
            "security_group_id": "sg-0e4ab0e4e456f1b29",
            "security_group_rule_id": "sgr-0f4254ce962311405",
            "self": false,
            "source_security_group_id": null,
            "timeouts": null,
            "to_port": 0,
            "type": "egress"
          },
          "sensitive_attributes": [],
          "private": "eyJlMmJmYjczMC1lY2FhLTExZTYtOGY4OC0zNDM2M2JjN2M0YzAiOnsiY3JlYXRlIjozMDAwMDAwMDAwMDB9LCJzY2hlbWFfdmVyc2lvbiI6IjIifQ==",
          "dependencies": [
            "aws_security_group.act360"
          ]
        }
      ]
    },
    {
      "mode": "managed",
      "type": "aws_security_group_rule",
      "name": "cip_allow_all_egress",
      "provider": "provider[\"registry.terraform.io/hashicorp/aws\"]",
      "instances": [
        {
          "schema_version": 2,
          "attributes": {
            "cidr_blocks": [
              "0.0.0.0/0"
            ],
            "description": null,
            "from_port": 0,
            "id": "sgrule-623011416",
            "ipv6_cidr_blocks": null,
            "prefix_list_ids": null,
            "protocol": "-1",
            "security_group_id": "sg-047a22f219819a3c5",
            "security_group_rule_id": "sgr-01cde0cb48cb09a9d",
            "self": false,
            "source_security_group_id": null,
            "timeouts": null,
            "to_port": 0,
            "type": "egress"
          },
          "sensitive_attributes": [],
          "private": "eyJlMmJmYjczMC1lY2FhLTExZTYtOGY4OC0zNDM2M2JjN2M0YzAiOnsiY3JlYXRlIjozMDAwMDAwMDAwMDB9LCJzY2hlbWFfdmVyc2lvbiI6IjIifQ==",
          "dependencies": [
            "aws_security_group.cip"
          ]
        }
      ]
    },
    {
      "mode": "managed",
      "type": "local_file",
      "name": "aws-cip-key",
      "provider": "provider[\"registry.terraform.io/hashicorp/local\"]",
      "instances": [
        {
          "schema_version": 0,
          "attributes": {
            "content": "-----BEGIN RSA PRIVATE KEY-----\nMIIEpAIBAAKCAQEAzsFVp6SEwgZ6A7yaP7jX84x9UlfAVwWw2sxutX4h9uweEhY2\nr4InC1UrvjzY5xcSAbjSnB/pu5mAZy4CR+f4nPgRDwa19OxbUsKlOeOr2iyoLqgd\nHSvNVFwGuZI1NKJNWdnT7Es8cd6Kf8TylGBgOBqtchcE/mJ0s4nHnGnPIUfIWqwp\nNos9cnomFXb8Cpg7w6ZM9w7JZpxH5qgE6noY4Da6JxBtNRe4yUpXHasKO4YxkqX3\n4pft5VIKlJ/iov+pxSFnTmBEsS1Zk1MMMMfuDJcicBlgh+FXbP7nGKbdcMlBWGIA\nXbcByuVgbfzhBytfB3qMV+nM1XNGQJOI13MbYwIDAQABAoIBAEGY840p1Hkexu2S\nlDntco6yHzzV3I9/nbn9rI5mw23tQiko5RbQK4Ub87H66jJ/jlX/hsrEEUtVC3kx\nDsYzohxjVD45OdfIeb0LRpLUWjzxeDa9XedYc1/1hqiv67OUXwhH5UYOJNJX8gdR\nvEk5Pq3uQON2zD3NjQs9hphota/v3XGdLPC5oCXQwvfa+hy1y0ui6Futaqbuzgiy\nMkRlFMqjS/NACac4OpE/UMDvAo/SJ0J9Y/GEwhPTswXAwu9uYEhPERfd75R6OuEN\nVMGGHGJflOrNCuJ+kBxRHihs0HnkSsiynQ7MxNY2KIMpcm0dOYFzrP7u+3Vw2jk4\nLkS7bYECgYEA6HsJ5ixHkFJMbdXW8FTGv0DSYqkG9lmtqgpVUXQt62OeLZ0BIH9n\nprFJWn2C7eaD4FlMyIfDmnCYKGI379F8qfJgsdaKmhB1qaODG5hge3ifY2defxVV\nn9oyliGC+QFI/IhNq6+6wRzceOe7TihDIBQ4lbj4O3W1eLSRvMoggSMCgYEA46wK\nJG8g1dkKu24BKXJ5RaHD0uFn8FkvnHm9RdFjeClUceoUdaGPM2ENKchIq1xZtKim\n1JSskFGHgWIkRjEY01gvJB2KDdTcSTQN3ueugBP/u6fsKzaeWYl/9vi0QxrZBDmc\nkHLRGqk+27akZMGJFIDEhl3KJyFEb92Box3DQMECgYBXS8RG0v+4WL7sS2zfZ+YN\ncOjPNUsw/DGy9RhecrK/ffOqixcePdkNBetWeGTOsk140+96KUiw2HC6UU9R1Sbr\npeDbRoVbHq0gGw8jMI+iLYQkTm90Zu11DfkK2OCWYf4nHYOU4XLOCula2SFDUukJ\nxa4Nwpwrr6KKBbvn2TplYwKBgQCVkToAgXkCw9lHFJdy0R9WXVU2Ppp3zT93/ooX\nSd2c3Rn61BqoxIA88q8hGdCTstHD21/uG9XZ4ZWxq/XEnxB+F1qw0S8WsxYciTPr\nkiyTO5AvibufD/yrOad1aiGSTBrxqZ9vTd6NM052LOCGyJXzgDybQRZC6pn5G33E\n2RKigQKBgQC+Omdz/oIAfK4XYNUeXsNjJuFVjddBc18WHRPVtEBC3JeBgAMzLtUb\nMWQCis/su3/4bFf9WBjDyC5u0XKEmfheqBkvMWAQY/XHqRiWPK36mr1p5H5wP4K8\n7uYVOefADH39Ri5Wsq1Cb+ZvdBuHwemg/AB9zA4+nllYPKJ1/2NEsw==\n-----END RSA PRIVATE KEY-----\n",
            "content_base64": null,
            "content_base64sha256": "hmD1ljIJlNmuStqiYqqeEebemOstXSOF3rusiIY0Jls=",
            "content_base64sha512": "YJO4CdZqTRolEuz7izv6bLziPnCrrtsMkWaiXLeCoGNOocRWlya1rfIzFvUgpq2K4X6UzDlJ4WG1YwRbWbtlZw==",
            "content_md5": "3694ca57670a55125b46885d1f0291e1",
            "content_sha1": "3f66c3746f37547b088edde965bb6fce27db537e",
            "content_sha256": "8660f596320994d9ae4adaa262aa9e11e6de98eb2d5d2385debbac888634265b",
            "content_sha512": "6093b809d66a4d1a2512ecfb8b3bfa6cbce23e70abaedb0c9166a25cb782a0634ea1c4569726b5adf23316f520a6ad8ae17e94cc3949e161b563045b59bb6567",
            "directory_permission": "0777",
            "file_permission": "0400",
            "filename": "aws-cip-key.pem",
            "id": "3f66c3746f37547b088edde965bb6fce27db537e",
            "sensitive_content": null,
            "source": null
          },
          "sensitive_attributes": [
            [
              {
                "type": "get_attr",
                "value": "content"
              }
            ]
          ],
          "dependencies": [
            "tls_private_key.new_key"
          ]
        }
      ]
    },
    {
      "mode": "managed",
      "type": "null_resource",
      "name": "update_inventory",
      "provider": "provider[\"registry.terraform.io/hashicorp/null\"]",
      "instances": [
        {
          "schema_version": 0,
          "attributes": {
            "id": "1279563737582331536",
            "triggers": {
              "a360_instance_public_ip": "65.2.136.194",
              "cip_instance_public_ip": "43.205.141.12"
            }
          },
          "sensitive_attributes": [],
          "dependencies": [
            "aws_instance.a360",
            "aws_instance.cip",
            "aws_key_pair.aws-cip-key",
            "aws_security_group.act360",
            "aws_security_group.cip",
            "time_sleep.wait_60_seconds",
            "tls_private_key.new_key"
          ]
        }
      ]
    },
    {
      "mode": "managed",
      "type": "time_sleep",
      "name": "wait_60_seconds",
      "provider": "provider[\"registry.terraform.io/hashicorp/time\"]",
      "instances": [
        {
          "schema_version": 0,
          "attributes": {
            "create_duration": "60s",
            "destroy_duration": null,
            "id": "2023-09-17T05:51:21Z",
            "triggers": null
          },
          "sensitive_attributes": []
        }
      ]
    },
    {
      "mode": "managed",
      "type": "tls_private_key",
      "name": "new_key",
      "provider": "provider[\"registry.terraform.io/hashicorp/tls\"]",
      "instances": [
        {
          "schema_version": 1,
          "attributes": {
            "algorithm": "RSA",
            "ecdsa_curve": "P224",
            "id": "aaae87fa94c51ed5cae89668b807edcc4b28ec8b",
            "private_key_openssh": "-----BEGIN OPENSSH PRIVATE KEY-----\nb3BlbnNzaC1rZXktdjEAAAAABG5vbmUAAAAEbm9uZQAAAAAAAAABAAABFwAAAAdz\nc2gtcnNhAAAAAwEAAQAAAQEAzsFVp6SEwgZ6A7yaP7jX84x9UlfAVwWw2sxutX4h\n9uweEhY2r4InC1UrvjzY5xcSAbjSnB/pu5mAZy4CR+f4nPgRDwa19OxbUsKlOeOr\n2iyoLqgdHSvNVFwGuZI1NKJNWdnT7Es8cd6Kf8TylGBgOBqtchcE/mJ0s4nHnGnP\nIUfIWqwpNos9cnomFXb8Cpg7w6ZM9w7JZpxH5qgE6noY4Da6JxBtNRe4yUpXHasK\nO4YxkqX34pft5VIKlJ/iov+pxSFnTmBEsS1Zk1MMMMfuDJcicBlgh+FXbP7nGKbd\ncMlBWGIAXbcByuVgbfzhBytfB3qMV+nM1XNGQJOI13MbYwAAA7i8sORNvLDkTQAA\nAAdzc2gtcnNhAAABAQDOwVWnpITCBnoDvJo/uNfzjH1SV8BXBbDazG61fiH27B4S\nFjavgicLVSu+PNjnFxIBuNKcH+m7mYBnLgJH5/ic+BEPBrX07FtSwqU546vaLKgu\nqB0dK81UXAa5kjU0ok1Z2dPsSzxx3op/xPKUYGA4Gq1yFwT+YnSzicecac8hR8ha\nrCk2iz1yeiYVdvwKmDvDpkz3DslmnEfmqATqehjgNronEG01F7jJSlcdqwo7hjGS\npffil+3lUgqUn+Ki/6nFIWdOYESxLVmTUwwwx+4MlyJwGWCH4Vds/ucYpt1wyUFY\nYgBdtwHK5WBt/OEHK18HeoxX6czVc0ZAk4jXcxtjAAAAAwEAAQAAAQBBmPONKdR5\nHsbtkpQ57XKOsh881dyPf525/ayOZsNt7UIpKOUW0CuFG/Ox+uoyf45V/4bKxBFL\nVQt5MQ7GM6IcY1Q+OTnXyHm9C0aS1Fo88Xg2vV3nWHNf9Yaor+uzlF8IR+VGDiTS\nV/IHUbxJOT6t7kDjdsw9zY0LPYaYaLWv791xnSzwuaAl0ML32voctctLouhbrWqm\n7s4IsjJEZRTKo0vzQAmnODqRP1DA7wKP0idCfWPxhMIT07MFwMLvbmBITxEX3e+U\nejrhDVTBhhxiX5TqzQrifpAcUR4obNB55ErIsp0OzMTWNiiDKXJtHTmBc6z+7vt1\ncNo5OC5Eu22BAAAAgQC+Omdz/oIAfK4XYNUeXsNjJuFVjddBc18WHRPVtEBC3JeB\ngAMzLtUbMWQCis/su3/4bFf9WBjDyC5u0XKEmfheqBkvMWAQY/XHqRiWPK36mr1p\n5H5wP4K87uYVOefADH39Ri5Wsq1Cb+ZvdBuHwemg/AB9zA4+nllYPKJ1/2NEswAA\nAIEA6HsJ5ixHkFJMbdXW8FTGv0DSYqkG9lmtqgpVUXQt62OeLZ0BIH9nprFJWn2C\n7eaD4FlMyIfDmnCYKGI379F8qfJgsdaKmhB1qaODG5hge3ifY2defxVVn9oyliGC\n+QFI/IhNq6+6wRzceOe7TihDIBQ4lbj4O3W1eLSRvMoggSMAAACBAOOsCiRvINXZ\nCrtuASlyeUWhw9LhZ/BZL5x5vUXRY3gpVHHqFHWhjzNhDSnISKtcWbSoptSUrJBR\nh4FiJEYxGNNYLyQdig3U3Ek0Dd7nroAT/7un7Cs2nlmJf/b4tEMa2QQ5nJBy0Rqp\nPtu2pGTBiRSAxIZdyichRG/dgaMdw0DBAAAAAAEC\n-----END OPENSSH PRIVATE KEY-----\n",
            "private_key_pem": "-----BEGIN RSA PRIVATE KEY-----\nMIIEpAIBAAKCAQEAzsFVp6SEwgZ6A7yaP7jX84x9UlfAVwWw2sxutX4h9uweEhY2\nr4InC1UrvjzY5xcSAbjSnB/pu5mAZy4CR+f4nPgRDwa19OxbUsKlOeOr2iyoLqgd\nHSvNVFwGuZI1NKJNWdnT7Es8cd6Kf8TylGBgOBqtchcE/mJ0s4nHnGnPIUfIWqwp\nNos9cnomFXb8Cpg7w6ZM9w7JZpxH5qgE6noY4Da6JxBtNRe4yUpXHasKO4YxkqX3\n4pft5VIKlJ/iov+pxSFnTmBEsS1Zk1MMMMfuDJcicBlgh+FXbP7nGKbdcMlBWGIA\nXbcByuVgbfzhBytfB3qMV+nM1XNGQJOI13MbYwIDAQABAoIBAEGY840p1Hkexu2S\nlDntco6yHzzV3I9/nbn9rI5mw23tQiko5RbQK4Ub87H66jJ/jlX/hsrEEUtVC3kx\nDsYzohxjVD45OdfIeb0LRpLUWjzxeDa9XedYc1/1hqiv67OUXwhH5UYOJNJX8gdR\nvEk5Pq3uQON2zD3NjQs9hphota/v3XGdLPC5oCXQwvfa+hy1y0ui6Futaqbuzgiy\nMkRlFMqjS/NACac4OpE/UMDvAo/SJ0J9Y/GEwhPTswXAwu9uYEhPERfd75R6OuEN\nVMGGHGJflOrNCuJ+kBxRHihs0HnkSsiynQ7MxNY2KIMpcm0dOYFzrP7u+3Vw2jk4\nLkS7bYECgYEA6HsJ5ixHkFJMbdXW8FTGv0DSYqkG9lmtqgpVUXQt62OeLZ0BIH9n\nprFJWn2C7eaD4FlMyIfDmnCYKGI379F8qfJgsdaKmhB1qaODG5hge3ifY2defxVV\nn9oyliGC+QFI/IhNq6+6wRzceOe7TihDIBQ4lbj4O3W1eLSRvMoggSMCgYEA46wK\nJG8g1dkKu24BKXJ5RaHD0uFn8FkvnHm9RdFjeClUceoUdaGPM2ENKchIq1xZtKim\n1JSskFGHgWIkRjEY01gvJB2KDdTcSTQN3ueugBP/u6fsKzaeWYl/9vi0QxrZBDmc\nkHLRGqk+27akZMGJFIDEhl3KJyFEb92Box3DQMECgYBXS8RG0v+4WL7sS2zfZ+YN\ncOjPNUsw/DGy9RhecrK/ffOqixcePdkNBetWeGTOsk140+96KUiw2HC6UU9R1Sbr\npeDbRoVbHq0gGw8jMI+iLYQkTm90Zu11DfkK2OCWYf4nHYOU4XLOCula2SFDUukJ\nxa4Nwpwrr6KKBbvn2TplYwKBgQCVkToAgXkCw9lHFJdy0R9WXVU2Ppp3zT93/ooX\nSd2c3Rn61BqoxIA88q8hGdCTstHD21/uG9XZ4ZWxq/XEnxB+F1qw0S8WsxYciTPr\nkiyTO5AvibufD/yrOad1aiGSTBrxqZ9vTd6NM052LOCGyJXzgDybQRZC6pn5G33E\n2RKigQKBgQC+Omdz/oIAfK4XYNUeXsNjJuFVjddBc18WHRPVtEBC3JeBgAMzLtUb\nMWQCis/su3/4bFf9WBjDyC5u0XKEmfheqBkvMWAQY/XHqRiWPK36mr1p5H5wP4K8\n7uYVOefADH39Ri5Wsq1Cb+ZvdBuHwemg/AB9zA4+nllYPKJ1/2NEsw==\n-----END RSA PRIVATE KEY-----\n",
            "private_key_pem_pkcs8": "-----BEGIN PRIVATE KEY-----\nMIIEvgIBADANBgkqhkiG9w0BAQEFAASCBKgwggSkAgEAAoIBAQDOwVWnpITCBnoD\nvJo/uNfzjH1SV8BXBbDazG61fiH27B4SFjavgicLVSu+PNjnFxIBuNKcH+m7mYBn\nLgJH5/ic+BEPBrX07FtSwqU546vaLKguqB0dK81UXAa5kjU0ok1Z2dPsSzxx3op/\nxPKUYGA4Gq1yFwT+YnSzicecac8hR8harCk2iz1yeiYVdvwKmDvDpkz3DslmnEfm\nqATqehjgNronEG01F7jJSlcdqwo7hjGSpffil+3lUgqUn+Ki/6nFIWdOYESxLVmT\nUwwwx+4MlyJwGWCH4Vds/ucYpt1wyUFYYgBdtwHK5WBt/OEHK18HeoxX6czVc0ZA\nk4jXcxtjAgMBAAECggEAQZjzjSnUeR7G7ZKUOe1yjrIfPNXcj3+duf2sjmbDbe1C\nKSjlFtArhRvzsfrqMn+OVf+GysQRS1ULeTEOxjOiHGNUPjk518h5vQtGktRaPPF4\nNr1d51hzX/WGqK/rs5RfCEflRg4k0lfyB1G8STk+re5A43bMPc2NCz2GmGi1r+/d\ncZ0s8LmgJdDC99r6HLXLS6LoW61qpu7OCLIyRGUUyqNL80AJpzg6kT9QwO8Cj9In\nQn1j8YTCE9OzBcDC725gSE8RF93vlHo64Q1UwYYcYl+U6s0K4n6QHFEeKGzQeeRK\nyLKdDszE1jYogylybR05gXOs/u77dXDaOTguRLttgQKBgQDoewnmLEeQUkxt1dbw\nVMa/QNJiqQb2Wa2qClVRdC3rY54tnQEgf2emsUlafYLt5oPgWUzIh8OacJgoYjfv\n0Xyp8mCx1oqaEHWpo4MbmGB7eJ9jZ15/FVWf2jKWIYL5AUj8iE2rr7rBHNx457tO\nKEMgFDiVuPg7dbV4tJG8yiCBIwKBgQDjrAokbyDV2Qq7bgEpcnlFocPS4WfwWS+c\neb1F0WN4KVRx6hR1oY8zYQ0pyEirXFm0qKbUlKyQUYeBYiRGMRjTWC8kHYoN1NxJ\nNA3e566AE/+7p+wrNp5ZiX/2+LRDGtkEOZyQctEaqT7btqRkwYkUgMSGXconIURv\n3YGjHcNAwQKBgFdLxEbS/7hYvuxLbN9n5g1w6M81SzD8MbL1GF5ysr9986qLFx49\n2Q0F61Z4ZM6yTXjT73opSLDYcLpRT1HVJuul4NtGhVserSAbDyMwj6IthCROb3Rm\n7XUN+QrY4JZh/icdg5Thcs4K6VrZIUNS6QnFrg3CnCuvoooFu+fZOmVjAoGBAJWR\nOgCBeQLD2UcUl3LRH1ZdVTY+mnfNP3f+ihdJ3ZzdGfrUGqjEgDzyryEZ0JOy0cPb\nX+4b1dnhlbGr9cSfEH4XWrDRLxazFhyJM+uSLJM7kC+Ju58P/Ks5p3VqIZJMGvGp\nn29N3o0zTnYs4IbIlfOAPJtBFkLqmfkbfcTZEqKBAoGBAL46Z3P+ggB8rhdg1R5e\nw2Mm4VWN10FzXxYdE9W0QELcl4GAAzMu1RsxZAKKz+y7f/hsV/1YGMPILm7RcoSZ\n+F6oGS8xYBBj9cepGJY8rfqavWnkfnA/grzu5hU558AMff1GLlayrUJv5m90G4fB\n6aD8AH3MDj6eWVg8onX/Y0Sz\n-----END PRIVATE KEY-----\n",
            "public_key_fingerprint_md5": "28:68:15:73:05:b3:56:84:7c:a8:db:8c:e6:0e:b3:27",
            "public_key_fingerprint_sha256": "SHA256:Cx/FAY+Vt+W9KCZl/7F4WBlQA+1p2d+0f4HDUjTnneg",
            "public_key_openssh": "ssh-rsa AAAAB3NzaC1yc2EAAAADAQABAAABAQDOwVWnpITCBnoDvJo/uNfzjH1SV8BXBbDazG61fiH27B4SFjavgicLVSu+PNjnFxIBuNKcH+m7mYBnLgJH5/ic+BEPBrX07FtSwqU546vaLKguqB0dK81UXAa5kjU0ok1Z2dPsSzxx3op/xPKUYGA4Gq1yFwT+YnSzicecac8hR8harCk2iz1yeiYVdvwKmDvDpkz3DslmnEfmqATqehjgNronEG01F7jJSlcdqwo7hjGSpffil+3lUgqUn+Ki/6nFIWdOYESxLVmTUwwwx+4MlyJwGWCH4Vds/ucYpt1wyUFYYgBdtwHK5WBt/OEHK18HeoxX6czVc0ZAk4jXcxtj\n",
            "public_key_pem": "-----BEGIN PUBLIC KEY-----\nMIIBIjANBgkqhkiG9w0BAQEFAAOCAQ8AMIIBCgKCAQEAzsFVp6SEwgZ6A7yaP7jX\n84x9UlfAVwWw2sxutX4h9uweEhY2r4InC1UrvjzY5xcSAbjSnB/pu5mAZy4CR+f4\nnPgRDwa19OxbUsKlOeOr2iyoLqgdHSvNVFwGuZI1NKJNWdnT7Es8cd6Kf8TylGBg\nOBqtchcE/mJ0s4nHnGnPIUfIWqwpNos9cnomFXb8Cpg7w6ZM9w7JZpxH5qgE6noY\n4Da6JxBtNRe4yUpXHasKO4YxkqX34pft5VIKlJ/iov+pxSFnTmBEsS1Zk1MMMMfu\nDJcicBlgh+FXbP7nGKbdcMlBWGIAXbcByuVgbfzhBytfB3qMV+nM1XNGQJOI13Mb\nYwIDAQAB\n-----END PUBLIC KEY-----\n",
            "rsa_bits": 2048
          },
          "sensitive_attributes": []
        }
      ]
    }
  ],
  "check_results": null
}
